Microsoft Visual Studio Solution File, Format Version 12.00
# Visual Studio 2012
Project("{FAE04EC0-301F-11D3-BF4B-00C04F79EFBC}") = "vX Server", "vX Server.csproj", "{F6D3C132-6E68-4591-A7C1-A5B91FCDD87E}"
EndProject
Global
	GlobalSection(SolutionConfigurationPlatforms) = preSolution
	Debug|Any CPU = Debug|Any CPU
	ExportDebug|Any CPU = ExportDebug|Any CPU
	ExportRelease|Any CPU = ExportRelease|Any CPU
	EndGlobalSection
	GlobalSection(ProjectConfigurationPlatforms) = postSolution
		{F6D3C132-6E68-4591-A7C1-A5B91FCDD87E}.Debug|Any CPU.ActiveCfg = Debug|Any CPU
		{F6D3C132-6E68-4591-A7C1-A5B91FCDD87E}.Debug|Any CPU.Build.0 = Debug|Any CPU
		{F6D3C132-6E68-4591-A7C1-A5B91FCDD87E}.ExportDebug|Any CPU.ActiveCfg = ExportDebug|Any CPU
		{F6D3C132-6E68-4591-A7C1-A5B91FCDD87E}.ExportDebug|Any CPU.Build.0 = ExportDebug|Any CPU
		{F6D3C132-6E68-4591-A7C1-A5B91FCDD87E}.ExportRelease|Any CPU.ActiveCfg = ExportRelease|Any CPU
		{F6D3C132-6E68-4591-A7C1-A5B91FCDD87E}.ExportRelease|Any CPU.Build.0 = ExportRelease|Any CPU
	EndGlobalSection
EndGlobal
